
Microsoft Visual Studio Solution File, Format Version 12.00
# Visual Studio Version 17
VisualStudioVersion = 17.3.32825.248
MinimumVisualStudioVersion = 10.0.40219.1
Project("{FAE04EC0-301F-11D3-BF4B-00C04F79EFBC}") = "Laos-LearningPath-Backend", "Laos-LearningPath-Backend\Laos-LearningPath-Backend.csproj", "{A3975B8A-608F-441C-ACF7-682771BA594A}"
EndProject
Global
	GlobalSection(SolutionConfigurationPlatforms) = preSolution
		Debug|Any CPU = Debug|Any CPU
		Release|Any CPU = Release|Any CPU
	EndGlobalSection
	GlobalSection(ProjectConfigurationPlatforms) = postSolution
		{A3975B8A-608F-441C-ACF7-682771BA594A}.Debug|Any CPU.ActiveCfg = Debug|Any CPU
		{A3975B8A-608F-441C-ACF7-682771BA594A}.Debug|Any CPU.Build.0 = Debug|Any CPU
		{A3975B8A-608F-441C-ACF7-682771BA594A}.Release|Any CPU.ActiveCfg = Release|Any CPU
		{A3975B8A-608F-441C-ACF7-682771BA594A}.Release|Any CPU.Build.0 = Release|Any CPU
	EndGlobalSection
	GlobalSection(SolutionProperties) = preSolution
		HideSolutionNode = FALSE
	EndGlobalSection
	GlobalSection(ExtensibilityGlobals) = postSolution
		SolutionGuid = {12B6C6F5-E2E1-4816-9D6A-509B98BC68F2}
	EndGlobalSection
EndGlobal
